
Microsoft Visual Studio Solution File, Format Version 12.00
# Visual Studio Version 17
VisualStudioVersion = 17.12.35527.113 d17.12
MinimumVisualStudioVersion = 10.0.40219.1
Project("{FAE04EC0-301F-11D3-BF4B-00C04F79EFBC}") = "uri1010", "uri1010\uri1010.csproj", "{FE144215-C9FC-477F-A0F1-869F1B72DD75}"
EndProject
Global
	GlobalSection(SolutionConfigurationPlatforms) = preSolution
		Debug|Any CPU = Debug|Any CPU
		Release|Any CPU = Release|Any CPU
	EndGlobalSection
	GlobalSection(ProjectConfigurationPlatforms) = postSolution
		{FE144215-C9FC-477F-A0F1-869F1B72DD75}.Debug|Any CPU.ActiveCfg = Debug|Any CPU
		{FE144215-C9FC-477F-A0F1-869F1B72DD75}.Debug|Any CPU.Build.0 = Debug|Any CPU
		{FE144215-C9FC-477F-A0F1-869F1B72DD75}.Release|Any CPU.ActiveCfg = Release|Any CPU
		{FE144215-C9FC-477F-A0F1-869F1B72DD75}.Release|Any CPU.Build.0 = Release|Any CPU
	EndGlobalSection
	GlobalSection(SolutionProperties) = preSolution
		HideSolutionNode = FALSE
	EndGlobalSection
EndGlobal
