
Microsoft Visual Studio Solution File, Format Version 12.00
# Visual Studio Version 17
VisualStudioVersion = 17.12.35527.113 d17.12
MinimumVisualStudioVersion = 10.0.40219.1
Project("{FAE04EC0-301F-11D3-BF4B-00C04F79EFBC}") = "uri1004", "uri1004\uri1004.csproj", "{61C6E50A-3C12-4269-B0A3-594A3F6A352F}"
EndProject
Global
	GlobalSection(SolutionConfigurationPlatforms) = preSolution
		Debug|Any CPU = Debug|Any CPU
		Release|Any CPU = Release|Any CPU
	EndGlobalSection
	GlobalSection(ProjectConfigurationPlatforms) = postSolution
		{61C6E50A-3C12-4269-B0A3-594A3F6A352F}.Debug|Any CPU.ActiveCfg = Debug|Any CPU
		{61C6E50A-3C12-4269-B0A3-594A3F6A352F}.Debug|Any CPU.Build.0 = Debug|Any CPU
		{61C6E50A-3C12-4269-B0A3-594A3F6A352F}.Release|Any CPU.ActiveCfg = Release|Any CPU
		{61C6E50A-3C12-4269-B0A3-594A3F6A352F}.Release|Any CPU.Build.0 = Release|Any CPU
	EndGlobalSection
	GlobalSection(SolutionProperties) = preSolution
		HideSolutionNode = FALSE
	EndGlobalSection
EndGlobal
